// !$*UTF8*$!
{
	archiveVersion = 1;
	classes = {
	};
	objectVersion = 46;
	objects = {

/* Begin PBXBuildFile section */
		7A1877171DD83786006D3C6D /* AppDelegate.swift in Sources */ = {isa = PBXBuildFile; fileRef = 7A1877161DD83786006D3C6D /* AppDelegate.swift */; };
		7A1877191DD83786006D3C6D /* ViewController.swift in Sources */ = {isa = PBXBuildFile; fileRef = 7A1877181DD83786006D3C6D /* ViewController.swift */; };
		7A18771C1DD83786006D3C6D /* Main.storyboard in Resources */ = {isa = PBXBuildFile; fileRef = 7A18771A1DD83786006D3C6D /* Main.storyboard */; };
		7A18771E1DD83786006D3C6D /* Assets.xcassets in Resources */ = {isa = PBXBuildFile; fileRef = 7A18771D1DD83786006D3C6D /* Assets.xcassets */; };
		7A1877211DD83786006D3C6D /* LaunchScreen.storyboard in Resources */ = {isa = PBXBuildFile; fileRef = 7A18771F1DD83786006D3C6D /* LaunchScreen.storyboard */; };
		7A18772A1DD84151006D3C6D /* Cell.swift in Sources */ = {isa = PBXBuildFile; fileRef = 7A1877281DD84151006D3C6D /* Cell.swift */; };
		7A18772B1DD84151006D3C6D /* HomePageCell.xib in Resources */ = {isa = PBXBuildFile; fileRef = 7A1877291DD84151006D3C6D /* HomePageCell.xib */; };
		7A1877311DDA06ED006D3C6D /* icon.png in Resources */ = {isa = PBXBuildFile; fileRef = 7A1877301DDA06ED006D3C6D /* icon.png */; };
		7A1877331DDC8EFA006D3C6D /* LaunchScreenController.swift in Sources */ = {isa = PBXBuildFile; fileRef = 7A1877321DDC8EFA006D3C6D /* LaunchScreenController.swift */; };
		7A9E33BE1DDAF23500A69C78 /* Note.swift in Sources */ = {isa = PBXBuildFile; fileRef = 7A9E33BD1DDAF23500A69C78 /* Note.swift */; };
		7A9E33C11DDAF35000A69C78 /* CloudKit.framework in Frameworks */ = {isa = PBXBuildFile; fileRef = 7A9E33C01DDAF35000A69C78 /* CloudKit.framework */; };
		7A9E33C31DDAF38000A69C78 /* MapKit.framework in Frameworks */ = {isa = PBXBuildFile; fileRef = 7A9E33C21DDAF38000A69C78 /* MapKit.framework */; };
		7A9E33C51DDAFC8800A69C78 /* NewNoteController.swift in Sources */ = {isa = PBXBuildFile; fileRef = 7A9E33C41DDAFC8800A69C78 /* NewNoteController.swift */; };
		7A9E33CC1DDB194400A69C78 /* Beauty.swift in Sources */ = {isa = PBXBuildFile; fileRef = 7A9E33CB1DDB194400A69C78 /* Beauty.swift */; };
		7C11238AA08228451468591A /* Pods_Beauty.framework in Frameworks */ = {isa = PBXBuildFile; fileRef = B8E893CD95CA81CB691FFC3B /* Pods_Beauty.framework */; };
/* End PBXBuildFile section */

/* Begin PBXFileReference section */
		3115C50F79778634B11F248D /* Pods-Beauty.release.xcconfig */ = {isa = PBXFileReference; includeInIndex = 1; lastKnownFileType = text.xcconfig; name = "Pods-Beauty.release.xcconfig"; path = "Pods/Target Support Files/Pods-Beauty/Pods-Beauty.release.xcconfig"; sourceTree = "<group>"; };
		7A1877131DD83786006D3C6D /* Beauty.app */ = {isa = PBXFileReference; explicitFileType = wrapper.application; includeInIndex = 0; path = Beauty.app; sourceTree = BUILT_PRODUCTS_DIR; };
		7A1877161DD83786006D3C6D /* AppDelegate.swift */ = {isa = PBXFileReference; lastKnownFileType = sourcecode.swift; path = AppDelegate.swift; sourceTree = "<group>"; };
		7A1877181DD83786006D3C6D /* ViewController.swift */ = {isa = PBXFileReference; lastKnownFileType = sourcecode.swift; path = ViewController.swift; sourceTree = "<group>"; };
		7A18771B1DD83786006D3C6D /* Base */ = {isa = PBXFileReference; lastKnownFileType = file.storyboard; name = Base; path = Base.lproj/Main.storyboard; sourceTree = "<group>"; };
		7A18771D1DD83786006D3C6D /* Assets.xcassets */ = {isa = PBXFileReference; lastKnownFileType = folder.assetcatalog; path = Assets.xcassets; sourceTree = "<group>"; };
		7A1877201DD83786006D3C6D /* Base */ = {isa = PBXFileReference; lastKnownFileType = file.storyboard; name = Base; path = Base.lproj/LaunchScreen.storyboard; sourceTree = "<group>"; };
		7A1877221DD83786006D3C6D /* Info.plist */ = {isa = PBXFileReference; lastKnownFileType = text.plist.xml; path = Info.plist; sourceTree = "<group>"; };
		7A1877281DD84151006D3C6D /* Cell.swift */ = {isa = PBXFileReference; fileEncoding = 4; lastKnownFileType = sourcecode.swift; path = Cell.swift; sourceTree = "<group>"; };
		7A1877291DD84151006D3C6D /* HomePageCell.xib */ = {isa = PBXFileReference; fileEncoding = 4; lastKnownFileType = file.xib; path = HomePageCell.xib; sourceTree = "<group>"; };
		7A1877301DDA06ED006D3C6D /* icon.png */ = {isa = PBXFileReference; lastKnownFileType = image.png; path = icon.png; sourceTree = "<group>"; };
		7A1877321DDC8EFA006D3C6D /* LaunchScreenController.swift */ = {isa = PBXFileReference; fileEncoding = 4; lastKnownFileType = sourcecode.swift; path = LaunchScreenController.swift; sourceTree = "<group>"; };
		7A9E33BD1DDAF23500A69C78 /* Note.swift */ = {isa = PBXFileReference; fileEncoding = 4; lastKnownFileType = sourcecode.swift; path = Note.swift; sourceTree = "<group>"; };
		7A9E33BF1DDAF34A00A69C78 /* Beauty.entitlements */ = {isa = PBXFileReference; lastKnownFileType = text.plist.entitlements; path = Beauty.entitlements; sourceTree = "<group>"; };
		7A9E33C01DDAF35000A69C78 /* CloudKit.framework */ = {isa = PBXFileReference; lastKnownFileType = wrapper.framework; name = CloudKit.framework; path = System/Library/Frameworks/CloudKit.framework; sourceTree = SDKROOT; };
		7A9E33C21DDAF38000A69C78 /* MapKit.framework */ = {isa = PBXFileReference; lastKnownFileType = wrapper.framework; name = MapKit.framework; path = System/Library/Frameworks/MapKit.framework; sourceTree = SDKROOT; };
		7A9E33C41DDAFC8800A69C78 /* NewNoteController.swift */ = {isa = PBXFileReference; fileEncoding = 4; lastKnownFileType = sourcecode.swift; path = NewNoteController.swift; sourceTree = "<group>"; };
		7A9E33CB1DDB194400A69C78 /* Beauty.swift */ = {isa = PBXFileReference; fileEncoding = 4; lastKnownFileType = sourcecode.swift; path = Beauty.swift; sourceTree = "<group>"; };
		B7F882840C3FDBA203705943 /* Pods-Beauty.debug.xcconfig */ = {isa = PBXFileReference; includeInIndex = 1; lastKnownFileType = text.xcconfig; name = "Pods-Beauty.debug.xcconfig"; path = "Pods/Target Support Files/Pods-Beauty/Pods-Beauty.debug.xcconfig"; sourceTree = "<group>"; };
		B8E893CD95CA81CB691FFC3B /* Pods_Beauty.framework */ = {isa = PBXFileReference; explicitFileType = wrapper.framework; includeInIndex = 0; path = Pods_Beauty.framework; sourceTree = BUILT_PRODUCTS_DIR; };
/* End PBXFileReference section */

/* Begin PBXFrameworksBuildPhase section */
		7A1877101DD83786006D3C6D /* Frameworks */ = {
			isa = PBXFrameworksBuildPhase;
			buildActionMask = 2147483647;
			files = (
				7C11238AA08228451468591A /* Pods_Beauty.framework in Frameworks */,
				7A9E33C31DDAF38000A69C78 /* MapKit.framework in Frameworks */,
				7A9E33C11DDAF35000A69C78 /* CloudKit.framework in Frameworks */,
			);
			runOnlyForDeploymentPostprocessing = 0;
		};
/* End PBXFrameworksBuildPhase section */

/* Begin PBXGroup section */
		2FE96354B7CF6C890CAB2575 /* Frameworks */ = {
			isa = PBXGroup;
			children = (
				7A9E33C21DDAF38000A69C78 /* MapKit.framework */,
				7A9E33C01DDAF35000A69C78 /* CloudKit.framework */,
				B8E893CD95CA81CB691FFC3B /* Pods_Beauty.framework */,
			);
			name = Frameworks;
			sourceTree = "<group>";
		};
		7989EC7006CBF0C4281A00A7 /* Pods */ = {
			isa = PBXGroup;
			children = (
				B7F882840C3FDBA203705943 /* Pods-Beauty.debug.xcconfig */,
				3115C50F79778634B11F248D /* Pods-Beauty.release.xcconfig */,
			);
			name = Pods;
			sourceTree = "<group>";
		};
		7A18770A1DD83786006D3C6D = {
			isa = PBXGroup;
			children = (
				7A1877151DD83786006D3C6D /* Beauty */,
				7A1877141DD83786006D3C6D /* Products */,
				7989EC7006CBF0C4281A00A7 /* Pods */,
				2FE96354B7CF6C890CAB2575 /* Frameworks */,
			);
			sourceTree = "<group>";
		};
		7A1877141DD83786006D3C6D /* Products */ = {
			isa = PBXGroup;
			children = (
				7A1877131DD83786006D3C6D /* Beauty.app */,
			);
			name = Products;
			sourceTree = "<group>";
		};
		7A1877151DD83786006D3C6D /* Beauty */ = {
			isa = PBXGroup;
			children = (
				7A9E33BF1DDAF34A00A69C78 /* Beauty.entitlements */,
				7A1877161DD83786006D3C6D /* AppDelegate.swift */,
				7A1877181DD83786006D3C6D /* ViewController.swift */,
				7A9E33C41DDAFC8800A69C78 /* NewNoteController.swift */,
				7A18771A1DD83786006D3C6D /* Main.storyboard */,
				7A1877281DD84151006D3C6D /* Cell.swift */,
				7A9E33BD1DDAF23500A69C78 /* Note.swift */,
				7A9E33CB1DDB194400A69C78 /* Beauty.swift */,
				7A1877321DDC8EFA006D3C6D /* LaunchScreenController.swift */,
				7A1877291DD84151006D3C6D /* HomePageCell.xib */,
				7A18771D1DD83786006D3C6D /* Assets.xcassets */,
				7A18771F1DD83786006D3C6D /* LaunchScreen.storyboard */,
				7A1877301DDA06ED006D3C6D /* icon.png */,
				7A1877221DD83786006D3C6D /* Info.plist */,
			);
			path = Beauty;
			sourceTree = "<group>";
		};
/* End PBXGroup section */

/* Begin PBXNativeTarget section */
		7A1877121DD83786006D3C6D /* Beauty */ = {
			isa = PBXNativeTarget;
			buildConfigurationList = 7A1877251DD83786006D3C6D /* Build configuration list for PBXNativeTarget "Beauty" */;
			buildPhases = (
				8C2E288BDE4A7576158AAEE2 /* [CP] Check Pods Manifest.lock */,
				7A18770F1DD83786006D3C6D /* Sources */,
				7A1877101DD83786006D3C6D /* Frameworks */,
				7A1877111DD83786006D3C6D /* Resources */,
				FA24E534CC615EF6C1A8154B /* [CP] Embed Pods Frameworks */,
				E894DC335D5E70E52D5395F0 /* [CP] Copy Pods Resources */,
			);
			buildRules = (
			);
			dependencies = (
			);
			name = Beauty;
			productName = Beauty;
			productReference = 7A1877131DD83786006D3C6D /* Beauty.app */;
			productType = "com.apple.product-type.application";
		};
/* End PBXNativeTarget section */

/* Begin PBXProject section */
		7A18770B1DD83786006D3C6D /* Project object */ = {
			isa = PBXProject;
			attributes = {
				LastSwiftUpdateCheck = 0810;
				LastUpgradeCheck = 0810;
				ORGANIZATIONNAME = Nobel;
				TargetAttributes = {
					7A1877121DD83786006D3C6D = {
						CreatedOnToolsVersion = 8.1;
						DevelopmentTeam = JWCLFGABN8;
						ProvisioningStyle = Automatic;
						SystemCapabilities = {
							com.apple.Maps.iOS = {
								enabled = 0;
							};
							com.apple.Push = {
								enabled = 1;
							};
							com.apple.Siri = {
								enabled = 1;
							};
							com.apple.iCloud = {
								enabled = 1;
							};
						};
					};
				};
			};
			buildConfigurationList = 7A18770E1DD83786006D3C6D /* Build configuration list for PBXProject "Beauty" */;
			compatibilityVersion = "Xcode 3.2";
			developmentRegion = English;
			hasScannedForEncodings = 0;
			knownRegions = (
				en,
				Base,
			);
			mainGroup = 7A18770A1DD83786006D3C6D;
			productRefGroup = 7A1877141DD83786006D3C6D /* Products */;
			projectDirPath = "";
			projectRoot = "";
			targets = (
				7A1877121DD83786006D3C6D /* Beauty */,
			);
		};
/* End PBXProject section */

/* Begin PBXResourcesBuildPhase section */
		7A1877111DD83786006D3C6D /* Resources */ = {
			isa = PBXResourcesBuildPhase;
			buildActionMask = 2147483647;
			files = (
				7A1877211DD83786006D3C6D /* LaunchScreen.storyboard in Resources */,
				7A1877311DDA06ED006D3C6D /* icon.png in Resources */,
				7A18771E1DD83786006D3C6D /* Assets.xcassets in Resources */,
				7A18771C1DD83786006D3C6D /* Main.storyboard in Resources */,
				7A18772B1DD84151006D3C6D /* HomePageCell.xib in Resources */,
			);
			runOnlyForDeploymentPostprocessing = 0;
		};
/* End PBXResourcesBuildPhase section */

/* Begin PBXShellScriptBuildPhase section */
		8C2E288BDE4A7576158AAEE2 /* [CP] Check Pods Manifest.lock */ = {
			isa = PBXShellScriptBuildPhase;
			buildActionMask = 2147483647;
			files = (
			);
			inputPaths = (
			);
			name = "[CP] Check Pods Manifest.lock";
			outputPaths = (
			);
			runOnlyForDeploymentPostprocessing = 0;
			shellPath = /bin/sh;
			shellScript = "diff \"${PODS_ROOT}/../Podfile.lock\" \"${PODS_ROOT}/Manifest.lock\" > /dev/null\nif [ $? != 0 ] ; then\n    # print error to STDERR\n    echo \"error: The sandbox is not in sync with the Podfile.lock. Run 'pod install' or update your CocoaPods installation.\" >&2\n    exit 1\nfi\n";
			showEnvVarsInLog = 0;
		};
		E894DC335D5E70E52D5395F0 /* [CP] Copy Pods Resources */ = {
			isa = PBXShellScriptBuildPhase;
			buildActionMask = 2147483647;
			files = (
			);
			inputPaths = (
			);
			name = "[CP] Copy Pods Resources";
			outputPaths = (
			);
			runOnlyForDeploymentPostprocessing = 0;
			shellPath = /bin/sh;
			shellScript = "\"${SRCROOT}/Pods/Target Support Files/Pods-Beauty/Pods-Beauty-resources.sh\"\n";
			showEnvVarsInLog = 0;
		};
		FA24E534CC615EF6C1A8154B /* [CP] Embed Pods Frameworks */ = {
			isa = PBXShellScriptBuildPhase;
			buildActionMask = 2147483647;
			files = (
			);
			inputPaths = (
			);
			name = "[CP] Embed Pods Frameworks";
			outputPaths = (
			);
			runOnlyForDeploymentPostprocessing = 0;
			shellPath = /bin/sh;
			shellScript = "\"${SRCROOT}/Pods/Target Support Files/Pods-Beauty/Pods-Beauty-frameworks.sh\"\n";
			showEnvVarsInLog = 0;
		};
/* End PBXShellScriptBuildPhase section */

/* Begin PBXSourcesBuildPhase section */
		7A18770F1DD83786006D3C6D /* Sources */ = {
			isa = PBXSourcesBuildPhase;
			buildActionMask = 2147483647;
			files = (
				7A18772A1DD84151006D3C6D /* Cell.swift in Sources */,
				7A9E33CC1DDB194400A69C78 /* Beauty.swift in Sources */,
				7A1877191DD83786006D3C6D /* ViewController.swift in Sources */,
				7A1877171DD83786006D3C6D /* AppDelegate.swift in Sources */,
				7A1877331DDC8EFA006D3C6D /* LaunchScreenController.swift in Sources */,
				7A9E33C51DDAFC8800A69C78 /* NewNoteController.swift in Sources */,
				7A9E33BE1DDAF23500A69C78 /* Note.swift in Sources */,
			);
			runOnlyForDeploymentPostprocessing = 0;
		};
/* End PBXSourcesBuildPhase section */

/* Begin PBXVariantGroup section */
		7A18771A1DD83786006D3C6D /* Main.storyboard */ = {
			isa = PBXVariantGroup;
			children = (
				7A18771B1DD83786006D3C6D /* Base */,
			);
			name = Main.storyboard;
			sourceTree = "<group>";
		};
		7A18771F1DD83786006D3C6D /* LaunchScreen.storyboard */ = {
			isa = PBXVariantGroup;
			children = (
				7A1877201DD83786006D3C6D /* Base */,
			);
			name = LaunchScreen.storyboard;
			sourceTree = "<group>";
		};
/* End PBXVariantGroup section */

/* Begin XCBuildConfiguration section */
		7A1877231DD83786006D3C6D /* Debug */ = {
			isa = XCBuildConfiguration;
			buildSettings = {
				ALWAYS_SEARCH_USER_PATHS = NO;
				CLANG_ANALYZER_NONNULL = YES;
				CLANG_CXX_LANGUAGE_STANDARD = "gnu++0x";
				CLANG_CXX_LIBRARY = "libc++";
				CLANG_ENABLE_MODULES = YES;
				CLANG_ENABLE_OBJC_ARC = YES;
				CLANG_WARN_BOOL_CONVERSION = YES;
				CLANG_WARN_CONSTANT_CONVERSION = YES;
				CLANG_WARN_DIRECT_OBJC_ISA_USAGE = YES_ERROR;
				CLANG_WARN_DOCUMENTATION_COMMENTS = YES;
				CLANG_WARN_EMPTY_BODY = YES;
				CLANG_WARN_ENUM_CONVERSION = YES;
				CLANG_WARN_INFINITE_RECURSION = YES;
				CLANG_WARN_INT_CONVERSION = YES;
				CLANG_WARN_OBJC_ROOT_CLASS = YES_ERROR;
				CLANG_WARN_SUSPICIOUS_MOVES = YES;
				CLANG_WARN_UNREACHABLE_CODE = YES;
				CLANG_WARN__DUPLICATE_METHOD_MATCH = YES;
				"CODE_SIGN_IDENTITY[sdk=iphoneos*]" = "iPhone Developer";
				COPY_PHASE_STRIP = NO;
				DEBUG_INFORMATION_FORMAT = dwarf;
				ENABLE_STRICT_OBJC_MSGSEND = YES;
				ENABLE_TESTABILITY = YES;
				GCC_C_LANGUAGE_STANDARD = gnu99;
				GCC_DYNAMIC_NO_PIC = NO;
				GCC_NO_COMMON_BLOCKS = YES;
				GCC_OPTIMIZATION_LEVEL = 0;
				GCC_PREPROCESSOR_DEFINITIONS = (
					"DEBUG=1",
					"$(inherited)",
				);
				GCC_WARN_64_TO_32_BIT_CONVERSION = YES;
				GCC_WARN_ABOUT_RETURN_TYPE = YES_ERROR;
				GCC_WARN_UNDECLARED_SELECTOR = YES;
				GCC_WARN_UNINITIALIZED_AUTOS = YES_AGGRESSIVE;
				GCC_WARN_UNUSED_FUNCTION = YES;
				GCC_WARN_UNUSED_VARIABLE = YES;
				IPHONEOS_DEPLOYMENT_TARGET = 10.1;
				MTL_ENABLE_DEBUG_INFO = YES;
				ONLY_ACTIVE_ARCH = YES;
				SDKROOT = iphoneos;
				SWIFT_ACTIVE_COMPILATION_CONDITIONS = DEBUG;
				SWIFT_OPTIMIZATION_LEVEL = "-Onone";
				TARGETED_DEVICE_FAMILY = "1,2";
			};
			name = Debug;
		};
		7A1877241DD83786006D3C6D /* Release */ = {
			isa = XCBuildConfiguration;
			buildSettings = {
				ALWAYS_SEARCH_USER_PATHS = NO;
				CLANG_ANALYZER_NONNULL = YES;
				CLANG_CXX_LANGUAGE_STANDARD = "gnu++0x";
				CLANG_CXX_LIBRARY = "libc++";
				CLANG_ENABLE_MODULES = YES;
				CLANG_ENABLE_OBJC_ARC = YES;
				CLANG_WARN_BOOL_CONVERSION = YES;
				CLANG_WARN_CONSTANT_CONVERSION = YES;
				CLANG_WARN_DIRECT_OBJC_ISA_USAGE = YES_ERROR;
				CLANG_WARN_DOCUMENTATION_COMMENTS = YES;
				CLANG_WARN_EMPTY_BODY = YES;
				CLANG_WARN_ENUM_CONVERSION = YES;
				CLANG_WARN_INFINITE_RECURSION = YES;
				CLANG_WARN_INT_CONVERSION = YES;
				CLANG_WARN_OBJC_ROOT_CLASS = YES_ERROR;
				CLANG_WARN_SUSPICIOUS_MOVES = YES;
				CLANG_WARN_UNREACHABLE_CODE = YES;
				CLANG_WARN__DUPLICATE_METHOD_MATCH = YES;
				"CODE_SIGN_IDENTITY[sdk=iphoneos*]" = "iPhone Developer";
				COPY_PHASE_STRIP = NO;
				DEBUG_INFORMATION_FORMAT = "dwarf-with-dsym";
				ENABLE_NS_ASSERTIONS = NO;
				ENABLE_STRICT_OBJC_MSGSEND = YES;
				GCC_C_LANGUAGE_STANDARD = gnu99;
				GCC_NO_COMMON_BLOCKS = YES;
				GCC_WARN_64_TO_32_BIT_CONVERSION = YES;
				GCC_WARN_ABOUT_RETURN_TYPE = YES_ERROR;
				GCC_WARN_UNDECLARED_SELECTOR = YES;
				GCC_WARN_UNINITIALIZED_AUTOS = YES_AGGRESSIVE;
				GCC_WARN_UNUSED_FUNCTION = YES;
				GCC_WARN_UNUSED_VARIABLE = YES;
				IPHONEOS_DEPLOYMENT_TARGET = 10.1;
				MTL_ENABLE_DEBUG_INFO = NO;
				SDKROOT = iphoneos;
				SWIFT_OPTIMIZATION_LEVEL = "-Owholemodule";
				TARGETED_DEVICE_FAMILY = "1,2";
				VALIDATE_PRODUCT = YES;
			};
			name = Release;
		};
		7A1877261DD83786006D3C6D /* Debug */ = {
			isa = XCBuildConfiguration;
			baseConfigurationReference = B7F882840C3FDBA203705943 /* Pods-Beauty.debug.xcconfig */;
			buildSettings = {
				ASSETCATALOG_COMPILER_APPICON_NAME = AppIcon;
				CODE_SIGN_ENTITLEMENTS = Beauty/Beauty.entitlements;
				DEVELOPMENT_TEAM = JWCLFGABN8;
				INFOPLIST_FILE = Beauty/Info.plist;
				IPHONEOS_DEPLOYMENT_TARGET = 9.0;
				LD_RUNPATH_SEARCH_PATHS = "$(inherited) @executable_path/Frameworks";
				PRODUCT_BUNDLE_IDENTIFIER = cn.nobel.tata;
				PRODUCT_NAME = "$(TARGET_NAME)";
				SWIFT_VERSION = 3.0;
				TARGETED_DEVICE_FAMILY = 1;
			};
			name = Debug;
		};
		7A1877271DD83786006D3C6D /* Release */ = {
			isa = XCBuildConfiguration;
			baseConfigurationReference = 3115C50F79778634B11F248D /* Pods-Beauty.release.xcconfig */;
			buildSettings = {
				ASSETCATALOG_COMPILER_APPICON_NAME = AppIcon;
				CODE_SIGN_ENTITLEMENTS = Beauty/Beauty.entitlements;
				DEVELOPMENT_TEAM = JWCLFGABN8;
				INFOPLIST_FILE = Beauty/Info.plist;
				IPHONEOS_DEPLOYMENT_TARGET = 9.0;
				LD_RUNPATH_SEARCH_PATHS = "$(inherited) @executable_path/Frameworks";
				PRODUCT_BUNDLE_IDENTIFIER = cn.nobel.tata;
				PRODUCT_NAME = "$(TARGET_NAME)";
				SWIFT_VERSION = 3.0;
				TARGETED_DEVICE_FAMILY = 1;
			};
			name = Release;
		};
/* End XCBuildConfiguration section */

/* Begin XCConfigurationList section */
		7A18770E1DD83786006D3C6D /* Build configuration list for PBXProject "Beauty" */ = {
			isa = XCConfigurationList;
			buildConfigurations = (
				7A1877231DD83786006D3C6D /* Debug */,
				7A1877241DD83786006D3C6D /* Release */,
			);
			defaultConfigurationIsVisible = 0;
			defaultConfigurationName = Release;
		};
		7A1877251DD83786006D3C6D /* Build configuration list for PBXNativeTarget "Beauty" */ = {
			isa = XCConfigurationList;
			buildConfigurations = (
				7A1877261DD83786006D3C6D /* Debug */,
				7A1877271DD83786006D3C6D /* Release */,
			);
			defaultConfigurationIsVisible = 0;
			defaultConfigurationName = Release;
		};
/* End XCConfigurationList section */
	};
	rootObject = 7A18770B1DD83786006D3C6D /* Project object */;
}
